
Microsoft Visual Studio Solution File, Format Version 12.00
# Visual Studio 15
VisualStudioVersion = 15.0.28307.168
MinimumVisualStudioVersion = 10.0.40219.1
Project("{FAE04EC0-301F-11D3-BF4B-00C04F79EFBC}") = "RetroWar", "RetroWar\RetroWar.csproj", "{A5733544-0936-4805-AE60-1C59E7A7564B}"
EndProject
Project("{FAE04EC0-301F-11D3-BF4B-00C04F79EFBC}") = "RetroWarUnitTests", "RetroWarUnitTests\RetroWarUnitTests.csproj", "{861EECFA-DED9-4994-9925-5798589733C9}"
EndProject
Global
	GlobalSection(SolutionConfigurationPlatforms) = preSolution
		Debug|Any CPU = Debug|Any CPU
		Release|Any CPU = Release|Any CPU
	EndGlobalSection
	GlobalSection(ProjectConfigurationPlatforms) = postSolution
		{A5733544-0936-4805-AE60-1C59E7A7564B}.Debug|Any CPU.ActiveCfg = Debug|Any CPU
		{A5733544-0936-4805-AE60-1C59E7A7564B}.Debug|Any CPU.Build.0 = Debug|Any CPU
		{A5733544-0936-4805-AE60-1C59E7A7564B}.Release|Any CPU.ActiveCfg = Release|Any CPU
		{A5733544-0936-4805-AE60-1C59E7A7564B}.Release|Any CPU.Build.0 = Release|Any CPU
		{861EECFA-DED9-4994-9925-5798589733C9}.Debug|Any CPU.ActiveCfg = Debug|Any CPU
		{861EECFA-DED9-4994-9925-5798589733C9}.Debug|Any CPU.Build.0 = Debug|Any CPU
		{861EECFA-DED9-4994-9925-5798589733C9}.Release|Any CPU.ActiveCfg = Release|Any CPU
		{861EECFA-DED9-4994-9925-5798589733C9}.Release|Any CPU.Build.0 = Release|Any CPU
	EndGlobalSection
	GlobalSection(SolutionProperties) = preSolution
		HideSolutionNode = FALSE
	EndGlobalSection
	GlobalSection(ExtensibilityGlobals) = postSolution
		SolutionGuid = {7F98CFB5-58F3-46C8-A815-8E8A5FCDFCEC}
	EndGlobalSection
EndGlobal
